
Microsoft Visual Studio Solution File, Format Version 11.00
# Visual Studio 2010
Project("{FAE04EC0-301F-11D3-BF4B-00C04F79EFBC}") = "AccountBook.Library", "AccountBook.Library\AccountBook.Library.csproj", "{4A03C586-EA0F-4162-BA93-C5678B750D11}"
EndProject
Project("{FAE04EC0-301F-11D3-BF4B-00C04F79EFBC}") = "AccountBook.Model", "AccountBook.Model\AccountBook.Model.csproj", "{160406B3-B6B2-4DA8-83ED-8C861C717132}"
EndProject
Project("{FAE04EC0-301F-11D3-BF4B-00C04F79EFBC}") = "AccountBook.Bll", "AccountBook.Bll\AccountBook.Bll.csproj", "{E8289857-64EC-4E75-AB86-74A1CC092D7E}"
EndProject
Project("{FAE04EC0-301F-11D3-BF4B-00C04F79EFBC}") = "AccountBook.Dal", "AccountBook.Dal\AccountBook.Dal.csproj", "{7F29339E-41E4-4511-87E2-9A22D7C4A72A}"
EndProject
Project("{FAE04EC0-301F-11D3-BF4B-00C04F79EFBC}") = "AccountBook", "AccountBook\AccountBook.csproj", "{EF05BF71-5FB5-401C-9112-C9C35FB92A5C}"
EndProject
Global
	GlobalSection(SolutionConfigurationPlatforms) = preSolution
		Debug|Any CPU = Debug|Any CPU
		Debug|Mixed Platforms = Debug|Mixed Platforms
		Debug|x86 = Debug|x86
		Release|Any CPU = Release|Any CPU
		Release|Mixed Platforms = Release|Mixed Platforms
		Release|x86 = Release|x86
	EndGlobalSection
	GlobalSection(ProjectConfigurationPlatforms) = postSolution
		{4A03C586-EA0F-4162-BA93-C5678B750D11}.Debug|Any CPU.ActiveCfg = Debug|Any CPU
		{4A03C586-EA0F-4162-BA93-C5678B750D11}.Debug|Any CPU.Build.0 = Debug|Any CPU
		{4A03C586-EA0F-4162-BA93-C5678B750D11}.Debug|Mixed Platforms.ActiveCfg = Debug|Any CPU
		{4A03C586-EA0F-4162-BA93-C5678B750D11}.Debug|Mixed Platforms.Build.0 = Debug|Any CPU
		{4A03C586-EA0F-4162-BA93-C5678B750D11}.Debug|x86.ActiveCfg = Debug|Any CPU
		{4A03C586-EA0F-4162-BA93-C5678B750D11}.Release|Any CPU.ActiveCfg = Release|Any CPU
		{4A03C586-EA0F-4162-BA93-C5678B750D11}.Release|Any CPU.Build.0 = Release|Any CPU
		{4A03C586-EA0F-4162-BA93-C5678B750D11}.Release|Mixed Platforms.ActiveCfg = Release|Any CPU
		{4A03C586-EA0F-4162-BA93-C5678B750D11}.Release|Mixed Platforms.Build.0 = Release|Any CPU
		{4A03C586-EA0F-4162-BA93-C5678B750D11}.Release|x86.ActiveCfg = Release|Any CPU
		{160406B3-B6B2-4DA8-83ED-8C861C717132}.Debug|Any CPU.ActiveCfg = Debug|Any CPU
		{160406B3-B6B2-4DA8-83ED-8C861C717132}.Debug|Any CPU.Build.0 = Debug|Any CPU
		{160406B3-B6B2-4DA8-83ED-8C861C717132}.Debug|Mixed Platforms.ActiveCfg = Debug|Any CPU
		{160406B3-B6B2-4DA8-83ED-8C861C717132}.Debug|Mixed Platforms.Build.0 = Debug|Any CPU
		{160406B3-B6B2-4DA8-83ED-8C861C717132}.Debug|x86.ActiveCfg = Debug|Any CPU
		{160406B3-B6B2-4DA8-83ED-8C861C717132}.Release|Any CPU.ActiveCfg = Release|Any CPU
		{160406B3-B6B2-4DA8-83ED-8C861C717132}.Release|Any CPU.Build.0 = Release|Any CPU
		{160406B3-B6B2-4DA8-83ED-8C861C717132}.Release|Mixed Platforms.ActiveCfg = Release|Any CPU
		{160406B3-B6B2-4DA8-83ED-8C861C717132}.Release|Mixed Platforms.Build.0 = Release|Any CPU
		{160406B3-B6B2-4DA8-83ED-8C861C717132}.Release|x86.ActiveCfg = Release|Any CPU
		{E8289857-64EC-4E75-AB86-74A1CC092D7E}.Debug|Any CPU.ActiveCfg = Debug|Any CPU
		{E8289857-64EC-4E75-AB86-74A1CC092D7E}.Debug|Any CPU.Build.0 = Debug|Any CPU
		{E8289857-64EC-4E75-AB86-74A1CC092D7E}.Debug|Mixed Platforms.ActiveCfg = Debug|Any CPU
		{E8289857-64EC-4E75-AB86-74A1CC092D7E}.Debug|Mixed Platforms.Build.0 = Debug|Any CPU
		{E8289857-64EC-4E75-AB86-74A1CC092D7E}.Debug|x86.ActiveCfg = Debug|Any CPU
		{E8289857-64EC-4E75-AB86-74A1CC092D7E}.Release|Any CPU.ActiveCfg = Release|Any CPU
		{E8289857-64EC-4E75-AB86-74A1CC092D7E}.Release|Any CPU.Build.0 = Release|Any CPU
		{E8289857-64EC-4E75-AB86-74A1CC092D7E}.Release|Mixed Platforms.ActiveCfg = Release|Any CPU
		{E8289857-64EC-4E75-AB86-74A1CC092D7E}.Release|Mixed Platforms.Build.0 = Release|Any CPU
		{E8289857-64EC-4E75-AB86-74A1CC092D7E}.Release|x86.ActiveCfg = Release|Any CPU
		{7F29339E-41E4-4511-87E2-9A22D7C4A72A}.Debug|Any CPU.ActiveCfg = Debug|Any CPU
		{7F29339E-41E4-4511-87E2-9A22D7C4A72A}.Debug|Any CPU.Build.0 = Debug|Any CPU
		{7F29339E-41E4-4511-87E2-9A22D7C4A72A}.Debug|Mixed Platforms.ActiveCfg = Debug|Any CPU
		{7F29339E-41E4-4511-87E2-9A22D7C4A72A}.Debug|Mixed Platforms.Build.0 = Debug|Any CPU
		{7F29339E-41E4-4511-87E2-9A22D7C4A72A}.Debug|x86.ActiveCfg = Debug|Any CPU
		{7F29339E-41E4-4511-87E2-9A22D7C4A72A}.Release|Any CPU.ActiveCfg = Release|Any CPU
		{7F29339E-41E4-4511-87E2-9A22D7C4A72A}.Release|Any CPU.Build.0 = Release|Any CPU
		{7F29339E-41E4-4511-87E2-9A22D7C4A72A}.Release|Mixed Platforms.ActiveCfg = Release|Any CPU
		{7F29339E-41E4-4511-87E2-9A22D7C4A72A}.Release|Mixed Platforms.Build.0 = Release|Any CPU
		{7F29339E-41E4-4511-87E2-9A22D7C4A72A}.Release|x86.ActiveCfg = Release|Any CPU
		{EF05BF71-5FB5-401C-9112-C9C35FB92A5C}.Debug|Any CPU.ActiveCfg = Debug|x86
		{EF05BF71-5FB5-401C-9112-C9C35FB92A5C}.Debug|Mixed Platforms.ActiveCfg = Debug|x86
		{EF05BF71-5FB5-401C-9112-C9C35FB92A5C}.Debug|Mixed Platforms.Build.0 = Debug|x86
		{EF05BF71-5FB5-401C-9112-C9C35FB92A5C}.Debug|x86.ActiveCfg = Debug|x86
		{EF05BF71-5FB5-401C-9112-C9C35FB92A5C}.Debug|x86.Build.0 = Debug|x86
		{EF05BF71-5FB5-401C-9112-C9C35FB92A5C}.Release|Any CPU.ActiveCfg = Release|x86
		{EF05BF71-5FB5-401C-9112-C9C35FB92A5C}.Release|Mixed Platforms.ActiveCfg = Release|x86
		{EF05BF71-5FB5-401C-9112-C9C35FB92A5C}.Release|Mixed Platforms.Build.0 = Release|x86
		{EF05BF71-5FB5-401C-9112-C9C35FB92A5C}.Release|x86.ActiveCfg = Release|x86
		{EF05BF71-5FB5-401C-9112-C9C35FB92A5C}.Release|x86.Build.0 = Release|x86
	EndGlobalSection
	GlobalSection(SolutionProperties) = preSolution
		HideSolutionNode = FALSE
	EndGlobalSection
EndGlobal
